
Microsoft Visual Studio Solution File, Format Version 12.00
# Visual Studio Version 16
VisualStudioVersion = 16.0.32901.82
MinimumVisualStudioVersion = 10.0.40219.1
Project("{FAE04EC0-301F-11D3-BF4B-00C04F79EFBC}") = "pz_9", "pz_9\pz_9.csproj", "{F8EFD5A2-3CD8-4E6C-9E6B-0E6AC2165911}"
EndProject
Global
	GlobalSection(SolutionConfigurationPlatforms) = preSolution
		Debug|Any CPU = Debug|Any CPU
		Release|Any CPU = Release|Any CPU
	EndGlobalSection
	GlobalSection(ProjectConfigurationPlatforms) = postSolution
		{F8EFD5A2-3CD8-4E6C-9E6B-0E6AC2165911}.Debug|Any CPU.ActiveCfg = Debug|Any CPU
		{F8EFD5A2-3CD8-4E6C-9E6B-0E6AC2165911}.Debug|Any CPU.Build.0 = Debug|Any CPU
		{F8EFD5A2-3CD8-4E6C-9E6B-0E6AC2165911}.Release|Any CPU.ActiveCfg = Release|Any CPU
		{F8EFD5A2-3CD8-4E6C-9E6B-0E6AC2165911}.Release|Any CPU.Build.0 = Release|Any CPU
	EndGlobalSection
	GlobalSection(SolutionProperties) = preSolution
		HideSolutionNode = FALSE
	EndGlobalSection
	GlobalSection(ExtensibilityGlobals) = postSolution
		SolutionGuid = {D0B32294-488D-4B8E-AE03-5D92CF9D39D5}
	EndGlobalSection
EndGlobal
